
Microsoft Visual Studio Solution File, Format Version 12.00
# Visual Studio Version 17
VisualStudioVersion = 17.0.31611.283
MinimumVisualStudioVersion = 10.0.40219.1
Project("{9A19103F-16F7-4668-BE54-9A1E7A4F7556}") = "AppNumeroDaSorte", "AppNumeroDaSorte\AppNumeroDaSorte.csproj", "{2D886A65-FCE3-43D5-9906-691CF23A35BF}"
EndProject
Project("{2150E333-8FDC-42A3-9474-1A3956D46DE8}") = "App 01", "App 01", "{EB48A486-09BE-4FBA-A7F7-5AE551138D3C}"
EndProject
Project("{2150E333-8FDC-42A3-9474-1A3956D46DE8}") = "App 02", "App 02", "{3AEB0A89-3075-4ACC-8706-88EC0FE04D8C}"
EndProject
Project("{9A19103F-16F7-4668-BE54-9A1E7A4F7556}") = "AppContentPage", "AppContentPage\AppContentPage.csproj", "{71A670A2-AAF5-4682-84EC-A36A018762B5}"
EndProject
Project("{9A19103F-16F7-4668-BE54-9A1E7A4F7556}") = "AppNavigationPage", "AppNavigationPage\AppNavigationPage.csproj", "{93306268-B67C-44CA-8E3B-4248CFBEEAB5}"
EndProject
Project("{9A19103F-16F7-4668-BE54-9A1E7A4F7556}") = "AppFlyoutPage", "AppFlyoutPage\AppFlyoutPage.csproj", "{D215BB97-197C-4901-9086-0D0712280449}"
EndProject
Project("{9A19103F-16F7-4668-BE54-9A1E7A4F7556}") = "AppTabbedPage", "AppTabbedPage\AppTabbedPage.csproj", "{9FB110F2-4B8F-4879-82AA-ED550D18FAB7}"
EndProject
Project("{2150E333-8FDC-42A3-9474-1A3956D46DE8}") = "App 03", "App 03", "{718035F7-CA56-4495-ACD2-350CE700949D}"
EndProject
Project("{9A19103F-16F7-4668-BE54-9A1E7A4F7556}") = "AppMAUIGallery", "AppMAUIGallery\AppMAUIGallery.csproj", "{A7C1C1AE-141F-4F98-835A-6FC1CA2E6B4E}"
EndProject
Project("{2150E333-8FDC-42A3-9474-1A3956D46DE8}") = "App 04", "App 04", "{E7EF6FEC-C7D4-47F4-ACE0-64EB0D9D2FFC}"
EndProject
Project("{9A19103F-16F7-4668-BE54-9A1E7A4F7556}") = "AppJogoForca", "AppJogoForca\AppJogoForca.csproj", "{E99C030C-102E-41CE-ABFD-31C95688FF83}"
EndProject
Project("{2150E333-8FDC-42A3-9474-1A3956D46DE8}") = "App 05", "App 05", "{4AA8270A-0E84-44A0-ABDE-501D83F0EAF0}"
EndProject
Project("{9A19103F-16F7-4668-BE54-9A1E7A4F7556}") = "AppTask", "AppTask\AppTask.csproj", "{561360BA-64A1-472D-842D-2D7264B1B873}"
EndProject
Project("{9A19103F-16F7-4668-BE54-9A1E7A4F7556}") = "AppTask.Models", "AppTask.Models\AppTask.Models.csproj", "{3BB4D99E-CC7B-484E-AD6C-930877D4B872}"
EndProject
Project("{9A19103F-16F7-4668-BE54-9A1E7A4F7556}") = "AppTask.Database", "AppTask.Database\AppTask.Database.csproj", "{E4D06F0B-03DA-4C87-97C7-517E75495E2F}"
EndProject
Project("{FAE04EC0-301F-11D3-BF4B-00C04F79EFBC}") = "AppTask.Database.Migration.Runtime", "AppTask.Database.Migration.Runtime\AppTask.Database.Migration.Runtime.csproj", "{57A2BB97-6536-49F3-954C-F70B3B7154DA}"
EndProject
Project("{2150E333-8FDC-42A3-9474-1A3956D46DE8}") = "Util", "Util", "{099B1358-171B-4E52-98C4-080592E95536}"
EndProject
Project("{2150E333-8FDC-42A3-9474-1A3956D46DE8}") = "App 06", "App 06", "{DEC2C609-9F09-41E1-B625-FADD8CBBA411}"
EndProject
Project("{FAE04EC0-301F-11D3-BF4B-00C04F79EFBC}") = "AppMVVM", "AppMVVM\AppMVVM.csproj", "{F03A98E5-BCD3-493B-AACB-9B02ABABF296}"
EndProject
Project("{FAE04EC0-301F-11D3-BF4B-00C04F79EFBC}") = "AppMVVMCommunityToolkit", "AppMVVMCommunityToolkit\AppMVVMCommunityToolkit.csproj", "{967A07FA-29B7-4952-8770-C63CF58D5192}"
EndProject
Project("{2150E333-8FDC-42A3-9474-1A3956D46DE8}") = "App 07", "App 07", "{6D7865F7-048B-4CBB-ADB7-0905DEBBCA31}"
EndProject
Project("{FAE04EC0-301F-11D3-BF4B-00C04F79EFBC}") = "AppShoppingCenter", "AppShoppingCenter\AppShoppingCenter.csproj", "{A2492E4A-9925-4D9A-822D-0B295F9CBCE5}"
EndProject
Project("{FAE04EC0-301F-11D3-BF4B-00C04F79EFBC}") = "AppShoppingCenter.Models", "AppShoppingCenter.Models\AppShoppingCenter.Models.csproj", "{16142CAB-5EB4-4199-B779-8A0ED09CFA51}"
EndProject
Global
	GlobalSection(SolutionConfigurationPlatforms) = preSolution
		Debug|Any CPU = Debug|Any CPU
		Release|Any CPU = Release|Any CPU
	EndGlobalSection
	GlobalSection(ProjectConfigurationPlatforms) = postSolution
		{2D886A65-FCE3-43D5-9906-691CF23A35BF}.Debug|Any CPU.ActiveCfg = Debug|Any CPU
		{2D886A65-FCE3-43D5-9906-691CF23A35BF}.Debug|Any CPU.Build.0 = Debug|Any CPU
		{2D886A65-FCE3-43D5-9906-691CF23A35BF}.Debug|Any CPU.Deploy.0 = Debug|Any CPU
		{2D886A65-FCE3-43D5-9906-691CF23A35BF}.Release|Any CPU.ActiveCfg = Release|Any CPU
		{2D886A65-FCE3-43D5-9906-691CF23A35BF}.Release|Any CPU.Build.0 = Release|Any CPU
		{2D886A65-FCE3-43D5-9906-691CF23A35BF}.Release|Any CPU.Deploy.0 = Release|Any CPU
		{71A670A2-AAF5-4682-84EC-A36A018762B5}.Debug|Any CPU.ActiveCfg = Debug|Any CPU
		{71A670A2-AAF5-4682-84EC-A36A018762B5}.Debug|Any CPU.Build.0 = Debug|Any CPU
		{71A670A2-AAF5-4682-84EC-A36A018762B5}.Debug|Any CPU.Deploy.0 = Debug|Any CPU
		{71A670A2-AAF5-4682-84EC-A36A018762B5}.Release|Any CPU.ActiveCfg = Release|Any CPU
		{71A670A2-AAF5-4682-84EC-A36A018762B5}.Release|Any CPU.Build.0 = Release|Any CPU
		{71A670A2-AAF5-4682-84EC-A36A018762B5}.Release|Any CPU.Deploy.0 = Release|Any CPU
		{93306268-B67C-44CA-8E3B-4248CFBEEAB5}.Debug|Any CPU.ActiveCfg = Debug|Any CPU
		{93306268-B67C-44CA-8E3B-4248CFBEEAB5}.Debug|Any CPU.Build.0 = Debug|Any CPU
		{93306268-B67C-44CA-8E3B-4248CFBEEAB5}.Debug|Any CPU.Deploy.0 = Debug|Any CPU
		{93306268-B67C-44CA-8E3B-4248CFBEEAB5}.Release|Any CPU.ActiveCfg = Release|Any CPU
		{93306268-B67C-44CA-8E3B-4248CFBEEAB5}.Release|Any CPU.Build.0 = Release|Any CPU
		{93306268-B67C-44CA-8E3B-4248CFBEEAB5}.Release|Any CPU.Deploy.0 = Release|Any CPU
		{D215BB97-197C-4901-9086-0D0712280449}.Debug|Any CPU.ActiveCfg = Debug|Any CPU
		{D215BB97-197C-4901-9086-0D0712280449}.Debug|Any CPU.Build.0 = Debug|Any CPU
		{D215BB97-197C-4901-9086-0D0712280449}.Debug|Any CPU.Deploy.0 = Debug|Any CPU
		{D215BB97-197C-4901-9086-0D0712280449}.Release|Any CPU.ActiveCfg = Release|Any CPU
		{D215BB97-197C-4901-9086-0D0712280449}.Release|Any CPU.Build.0 = Release|Any CPU
		{D215BB97-197C-4901-9086-0D0712280449}.Release|Any CPU.Deploy.0 = Release|Any CPU
		{9FB110F2-4B8F-4879-82AA-ED550D18FAB7}.Debug|Any CPU.ActiveCfg = Debug|Any CPU
		{9FB110F2-4B8F-4879-82AA-ED550D18FAB7}.Debug|Any CPU.Build.0 = Debug|Any CPU
		{9FB110F2-4B8F-4879-82AA-ED550D18FAB7}.Debug|Any CPU.Deploy.0 = Debug|Any CPU
		{9FB110F2-4B8F-4879-82AA-ED550D18FAB7}.Release|Any CPU.ActiveCfg = Release|Any CPU
		{9FB110F2-4B8F-4879-82AA-ED550D18FAB7}.Release|Any CPU.Build.0 = Release|Any CPU
		{9FB110F2-4B8F-4879-82AA-ED550D18FAB7}.Release|Any CPU.Deploy.0 = Release|Any CPU
		{A7C1C1AE-141F-4F98-835A-6FC1CA2E6B4E}.Debug|Any CPU.ActiveCfg = Debug|Any CPU
		{A7C1C1AE-141F-4F98-835A-6FC1CA2E6B4E}.Debug|Any CPU.Build.0 = Debug|Any CPU
		{A7C1C1AE-141F-4F98-835A-6FC1CA2E6B4E}.Debug|Any CPU.Deploy.0 = Debug|Any CPU
		{A7C1C1AE-141F-4F98-835A-6FC1CA2E6B4E}.Release|Any CPU.ActiveCfg = Release|Any CPU
		{A7C1C1AE-141F-4F98-835A-6FC1CA2E6B4E}.Release|Any CPU.Build.0 = Release|Any CPU
		{A7C1C1AE-141F-4F98-835A-6FC1CA2E6B4E}.Release|Any CPU.Deploy.0 = Release|Any CPU
		{E99C030C-102E-41CE-ABFD-31C95688FF83}.Debug|Any CPU.ActiveCfg = Debug|Any CPU
		{E99C030C-102E-41CE-ABFD-31C95688FF83}.Debug|Any CPU.Build.0 = Debug|Any CPU
		{E99C030C-102E-41CE-ABFD-31C95688FF83}.Debug|Any CPU.Deploy.0 = Debug|Any CPU
		{E99C030C-102E-41CE-ABFD-31C95688FF83}.Release|Any CPU.ActiveCfg = Release|Any CPU
		{E99C030C-102E-41CE-ABFD-31C95688FF83}.Release|Any CPU.Build.0 = Release|Any CPU
		{E99C030C-102E-41CE-ABFD-31C95688FF83}.Release|Any CPU.Deploy.0 = Release|Any CPU
		{561360BA-64A1-472D-842D-2D7264B1B873}.Debug|Any CPU.ActiveCfg = Debug|Any CPU
		{561360BA-64A1-472D-842D-2D7264B1B873}.Debug|Any CPU.Build.0 = Debug|Any CPU
		{561360BA-64A1-472D-842D-2D7264B1B873}.Debug|Any CPU.Deploy.0 = Debug|Any CPU
		{561360BA-64A1-472D-842D-2D7264B1B873}.Release|Any CPU.ActiveCfg = Release|Any CPU
		{561360BA-64A1-472D-842D-2D7264B1B873}.Release|Any CPU.Build.0 = Release|Any CPU
		{561360BA-64A1-472D-842D-2D7264B1B873}.Release|Any CPU.Deploy.0 = Release|Any CPU
		{3BB4D99E-CC7B-484E-AD6C-930877D4B872}.Debug|Any CPU.ActiveCfg = Debug|Any CPU
		{3BB4D99E-CC7B-484E-AD6C-930877D4B872}.Debug|Any CPU.Build.0 = Debug|Any CPU
		{3BB4D99E-CC7B-484E-AD6C-930877D4B872}.Release|Any CPU.ActiveCfg = Release|Any CPU
		{3BB4D99E-CC7B-484E-AD6C-930877D4B872}.Release|Any CPU.Build.0 = Release|Any CPU
		{E4D06F0B-03DA-4C87-97C7-517E75495E2F}.Debug|Any CPU.ActiveCfg = Debug|Any CPU
		{E4D06F0B-03DA-4C87-97C7-517E75495E2F}.Debug|Any CPU.Build.0 = Debug|Any CPU
		{E4D06F0B-03DA-4C87-97C7-517E75495E2F}.Release|Any CPU.ActiveCfg = Release|Any CPU
		{E4D06F0B-03DA-4C87-97C7-517E75495E2F}.Release|Any CPU.Build.0 = Release|Any CPU
		{57A2BB97-6536-49F3-954C-F70B3B7154DA}.Debug|Any CPU.ActiveCfg = Debug|Any CPU
		{57A2BB97-6536-49F3-954C-F70B3B7154DA}.Debug|Any CPU.Build.0 = Debug|Any CPU
		{57A2BB97-6536-49F3-954C-F70B3B7154DA}.Release|Any CPU.ActiveCfg = Release|Any CPU
		{57A2BB97-6536-49F3-954C-F70B3B7154DA}.Release|Any CPU.Build.0 = Release|Any CPU
		{F03A98E5-BCD3-493B-AACB-9B02ABABF296}.Debug|Any CPU.ActiveCfg = Debug|Any CPU
		{F03A98E5-BCD3-493B-AACB-9B02ABABF296}.Debug|Any CPU.Build.0 = Debug|Any CPU
		{F03A98E5-BCD3-493B-AACB-9B02ABABF296}.Debug|Any CPU.Deploy.0 = Debug|Any CPU
		{F03A98E5-BCD3-493B-AACB-9B02ABABF296}.Release|Any CPU.ActiveCfg = Release|Any CPU
		{F03A98E5-BCD3-493B-AACB-9B02ABABF296}.Release|Any CPU.Build.0 = Release|Any CPU
		{F03A98E5-BCD3-493B-AACB-9B02ABABF296}.Release|Any CPU.Deploy.0 = Release|Any CPU
		{967A07FA-29B7-4952-8770-C63CF58D5192}.Debug|Any CPU.ActiveCfg = Debug|Any CPU
		{967A07FA-29B7-4952-8770-C63CF58D5192}.Debug|Any CPU.Build.0 = Debug|Any CPU
		{967A07FA-29B7-4952-8770-C63CF58D5192}.Debug|Any CPU.Deploy.0 = Debug|Any CPU
		{967A07FA-29B7-4952-8770-C63CF58D5192}.Release|Any CPU.ActiveCfg = Release|Any CPU
		{967A07FA-29B7-4952-8770-C63CF58D5192}.Release|Any CPU.Build.0 = Release|Any CPU
		{967A07FA-29B7-4952-8770-C63CF58D5192}.Release|Any CPU.Deploy.0 = Release|Any CPU
		{A2492E4A-9925-4D9A-822D-0B295F9CBCE5}.Debug|Any CPU.ActiveCfg = Debug|Any CPU
		{A2492E4A-9925-4D9A-822D-0B295F9CBCE5}.Debug|Any CPU.Build.0 = Debug|Any CPU
		{A2492E4A-9925-4D9A-822D-0B295F9CBCE5}.Debug|Any CPU.Deploy.0 = Debug|Any CPU
		{A2492E4A-9925-4D9A-822D-0B295F9CBCE5}.Release|Any CPU.ActiveCfg = Release|Any CPU
		{A2492E4A-9925-4D9A-822D-0B295F9CBCE5}.Release|Any CPU.Build.0 = Release|Any CPU
		{A2492E4A-9925-4D9A-822D-0B295F9CBCE5}.Release|Any CPU.Deploy.0 = Release|Any CPU
		{16142CAB-5EB4-4199-B779-8A0ED09CFA51}.Debug|Any CPU.ActiveCfg = Debug|Any CPU
		{16142CAB-5EB4-4199-B779-8A0ED09CFA51}.Debug|Any CPU.Build.0 = Debug|Any CPU
		{16142CAB-5EB4-4199-B779-8A0ED09CFA51}.Release|Any CPU.ActiveCfg = Release|Any CPU
		{16142CAB-5EB4-4199-B779-8A0ED09CFA51}.Release|Any CPU.Build.0 = Release|Any CPU
	EndGlobalSection
	GlobalSection(SolutionProperties) = preSolution
		HideSolutionNode = FALSE
	EndGlobalSection
	GlobalSection(NestedProjects) = preSolution
		{2D886A65-FCE3-43D5-9906-691CF23A35BF} = {EB48A486-09BE-4FBA-A7F7-5AE551138D3C}
		{71A670A2-AAF5-4682-84EC-A36A018762B5} = {3AEB0A89-3075-4ACC-8706-88EC0FE04D8C}
		{93306268-B67C-44CA-8E3B-4248CFBEEAB5} = {3AEB0A89-3075-4ACC-8706-88EC0FE04D8C}
		{D215BB97-197C-4901-9086-0D0712280449} = {3AEB0A89-3075-4ACC-8706-88EC0FE04D8C}
		{9FB110F2-4B8F-4879-82AA-ED550D18FAB7} = {3AEB0A89-3075-4ACC-8706-88EC0FE04D8C}
		{A7C1C1AE-141F-4F98-835A-6FC1CA2E6B4E} = {718035F7-CA56-4495-ACD2-350CE700949D}
		{E99C030C-102E-41CE-ABFD-31C95688FF83} = {E7EF6FEC-C7D4-47F4-ACE0-64EB0D9D2FFC}
		{561360BA-64A1-472D-842D-2D7264B1B873} = {4AA8270A-0E84-44A0-ABDE-501D83F0EAF0}
		{3BB4D99E-CC7B-484E-AD6C-930877D4B872} = {4AA8270A-0E84-44A0-ABDE-501D83F0EAF0}
		{E4D06F0B-03DA-4C87-97C7-517E75495E2F} = {4AA8270A-0E84-44A0-ABDE-501D83F0EAF0}
		{57A2BB97-6536-49F3-954C-F70B3B7154DA} = {099B1358-171B-4E52-98C4-080592E95536}
		{099B1358-171B-4E52-98C4-080592E95536} = {4AA8270A-0E84-44A0-ABDE-501D83F0EAF0}
		{F03A98E5-BCD3-493B-AACB-9B02ABABF296} = {DEC2C609-9F09-41E1-B625-FADD8CBBA411}
		{967A07FA-29B7-4952-8770-C63CF58D5192} = {DEC2C609-9F09-41E1-B625-FADD8CBBA411}
		{A2492E4A-9925-4D9A-822D-0B295F9CBCE5} = {6D7865F7-048B-4CBB-ADB7-0905DEBBCA31}
		{16142CAB-5EB4-4199-B779-8A0ED09CFA51} = {6D7865F7-048B-4CBB-ADB7-0905DEBBCA31}
	EndGlobalSection
	GlobalSection(ExtensibilityGlobals) = postSolution
		SolutionGuid = {61F7FB11-1E47-470C-91E2-47F8143E1572}
	EndGlobalSection
EndGlobal
