
Microsoft Visual Studio Solution File, Format Version 12.00
# Visual Studio Version 17
VisualStudioVersion = 17.0.31611.283
MinimumVisualStudioVersion = 10.0.40219.1
Project("{9A19103F-16F7-4668-BE54-9A1E7A4F7556}") = "AppNumeroDaSorte", "AppNumeroDaSorte\AppNumeroDaSorte.csproj", "{2D886A65-FCE3-43D5-9906-691CF23A35BF}"
EndProject
Project("{2150E333-8FDC-42A3-9474-1A3956D46DE8}") = "App 01", "App 01", "{EB48A486-09BE-4FBA-A7F7-5AE551138D3C}"
EndProject
Project("{2150E333-8FDC-42A3-9474-1A3956D46DE8}") = "App 02", "App 02", "{3AEB0A89-3075-4ACC-8706-88EC0FE04D8C}"
EndProject
Project("{FAE04EC0-301F-11D3-BF4B-00C04F79EFBC}") = "AppContentPage", "AppContentPage\AppContentPage.csproj", "{71A670A2-AAF5-4682-84EC-A36A018762B5}"
EndProject
Project("{9A19103F-16F7-4668-BE54-9A1E7A4F7556}") = "AppNavigationPage", "AppNavigationPage\AppNavigationPage.csproj", "{93306268-B67C-44CA-8E3B-4248CFBEEAB5}"
EndProject
Project("{9A19103F-16F7-4668-BE54-9A1E7A4F7556}") = "AppFlyoutPage", "AppFlyoutPage\AppFlyoutPage.csproj", "{D215BB97-197C-4901-9086-0D0712280449}"
EndProject
Project("{FAE04EC0-301F-11D3-BF4B-00C04F79EFBC}") = "AppTabbedPage", "AppTabbedPage\AppTabbedPage.csproj", "{9FB110F2-4B8F-4879-82AA-ED550D18FAB7}"
EndProject
Global
	GlobalSection(SolutionConfigurationPlatforms) = preSolution
		Debug|Any CPU = Debug|Any CPU
		Release|Any CPU = Release|Any CPU
	EndGlobalSection
	GlobalSection(ProjectConfigurationPlatforms) = postSolution
		{2D886A65-FCE3-43D5-9906-691CF23A35BF}.Debug|Any CPU.ActiveCfg = Debug|Any CPU
		{2D886A65-FCE3-43D5-9906-691CF23A35BF}.Debug|Any CPU.Build.0 = Debug|Any CPU
		{2D886A65-FCE3-43D5-9906-691CF23A35BF}.Debug|Any CPU.Deploy.0 = Debug|Any CPU
		{2D886A65-FCE3-43D5-9906-691CF23A35BF}.Release|Any CPU.ActiveCfg = Release|Any CPU
		{2D886A65-FCE3-43D5-9906-691CF23A35BF}.Release|Any CPU.Build.0 = Release|Any CPU
		{2D886A65-FCE3-43D5-9906-691CF23A35BF}.Release|Any CPU.Deploy.0 = Release|Any CPU
		{71A670A2-AAF5-4682-84EC-A36A018762B5}.Debug|Any CPU.ActiveCfg = Debug|Any CPU
		{71A670A2-AAF5-4682-84EC-A36A018762B5}.Debug|Any CPU.Build.0 = Debug|Any CPU
		{71A670A2-AAF5-4682-84EC-A36A018762B5}.Debug|Any CPU.Deploy.0 = Debug|Any CPU
		{71A670A2-AAF5-4682-84EC-A36A018762B5}.Release|Any CPU.ActiveCfg = Release|Any CPU
		{71A670A2-AAF5-4682-84EC-A36A018762B5}.Release|Any CPU.Build.0 = Release|Any CPU
		{71A670A2-AAF5-4682-84EC-A36A018762B5}.Release|Any CPU.Deploy.0 = Release|Any CPU
		{93306268-B67C-44CA-8E3B-4248CFBEEAB5}.Debug|Any CPU.ActiveCfg = Debug|Any CPU
		{93306268-B67C-44CA-8E3B-4248CFBEEAB5}.Debug|Any CPU.Build.0 = Debug|Any CPU
		{93306268-B67C-44CA-8E3B-4248CFBEEAB5}.Debug|Any CPU.Deploy.0 = Debug|Any CPU
		{93306268-B67C-44CA-8E3B-4248CFBEEAB5}.Release|Any CPU.ActiveCfg = Release|Any CPU
		{93306268-B67C-44CA-8E3B-4248CFBEEAB5}.Release|Any CPU.Build.0 = Release|Any CPU
		{93306268-B67C-44CA-8E3B-4248CFBEEAB5}.Release|Any CPU.Deploy.0 = Release|Any CPU
		{D215BB97-197C-4901-9086-0D0712280449}.Debug|Any CPU.ActiveCfg = Debug|Any CPU
		{D215BB97-197C-4901-9086-0D0712280449}.Debug|Any CPU.Build.0 = Debug|Any CPU
		{D215BB97-197C-4901-9086-0D0712280449}.Debug|Any CPU.Deploy.0 = Debug|Any CPU
		{D215BB97-197C-4901-9086-0D0712280449}.Release|Any CPU.ActiveCfg = Release|Any CPU
		{D215BB97-197C-4901-9086-0D0712280449}.Release|Any CPU.Build.0 = Release|Any CPU
		{D215BB97-197C-4901-9086-0D0712280449}.Release|Any CPU.Deploy.0 = Release|Any CPU
		{9FB110F2-4B8F-4879-82AA-ED550D18FAB7}.Debug|Any CPU.ActiveCfg = Debug|Any CPU
		{9FB110F2-4B8F-4879-82AA-ED550D18FAB7}.Debug|Any CPU.Build.0 = Debug|Any CPU
		{9FB110F2-4B8F-4879-82AA-ED550D18FAB7}.Debug|Any CPU.Deploy.0 = Debug|Any CPU
		{9FB110F2-4B8F-4879-82AA-ED550D18FAB7}.Release|Any CPU.ActiveCfg = Release|Any CPU
		{9FB110F2-4B8F-4879-82AA-ED550D18FAB7}.Release|Any CPU.Build.0 = Release|Any CPU
		{9FB110F2-4B8F-4879-82AA-ED550D18FAB7}.Release|Any CPU.Deploy.0 = Release|Any CPU
	EndGlobalSection
	GlobalSection(SolutionProperties) = preSolution
		HideSolutionNode = FALSE
	EndGlobalSection
	GlobalSection(NestedProjects) = preSolution
		{2D886A65-FCE3-43D5-9906-691CF23A35BF} = {EB48A486-09BE-4FBA-A7F7-5AE551138D3C}
		{71A670A2-AAF5-4682-84EC-A36A018762B5} = {3AEB0A89-3075-4ACC-8706-88EC0FE04D8C}
		{93306268-B67C-44CA-8E3B-4248CFBEEAB5} = {3AEB0A89-3075-4ACC-8706-88EC0FE04D8C}
		{D215BB97-197C-4901-9086-0D0712280449} = {3AEB0A89-3075-4ACC-8706-88EC0FE04D8C}
		{9FB110F2-4B8F-4879-82AA-ED550D18FAB7} = {3AEB0A89-3075-4ACC-8706-88EC0FE04D8C}
	EndGlobalSection
	GlobalSection(ExtensibilityGlobals) = postSolution
		SolutionGuid = {61F7FB11-1E47-470C-91E2-47F8143E1572}
	EndGlobalSection
EndGlobal
